# This file is automatically @generated by Cargo.
# It is not intended for manual editing.
version = 4

[[package]]
name = "libc"
version = "0.2.180"
source = "registry+https://github.com/rust-lang/crates.io-index"
checksum = "bcc35a38544a891a5f7c865aca548a982ccb3b8650a5b06d0fd33a10283c56fc"

[[package]]
name = "mini_lamp"
version = "0.1.0"
dependencies = [
 "rppal",
]

[[package]]
name = "rppal"
version = "0.17.1"
source = "registry+https://github.com/rust-lang/crates.io-index"
checksum = "1dc171bbe325b04172e18d917c58c2cf1fb5adfd9ffabb1d6b3d62ba4c1c1331"
dependencies = [
 "libc",
]
